
Microsoft Visual Studio Solution File, Format Version 12.00
# Visual Studio 15
VisualStudioVersion = 15.0.27130.2010
MinimumVisualStudioVersion = 10.0.40219.1
Project("{FAE04EC0-301F-11D3-BF4B-00C04F79EFBC}") = "Duck-duck.Web", "Duck-duck.Web\Duck-duck.Web.csproj", "{A6C7A6DC-C883-4F6F-9945-3B39297FEB12}"
EndProject
Global
	GlobalSection(SolutionConfigurationPlatforms) = preSolution
		Debug|Any CPU = Debug|Any CPU
		Release|Any CPU = Release|Any CPU
	EndGlobalSection
	GlobalSection(ProjectConfigurationPlatforms) = postSolution
		{A6C7A6DC-C883-4F6F-9945-3B39297FEB12}.Debug|Any CPU.ActiveCfg = Debug|Any CPU
		{A6C7A6DC-C883-4F6F-9945-3B39297FEB12}.Debug|Any CPU.Build.0 = Debug|Any CPU
		{A6C7A6DC-C883-4F6F-9945-3B39297FEB12}.Release|Any CPU.ActiveCfg = Release|Any CPU
		{A6C7A6DC-C883-4F6F-9945-3B39297FEB12}.Release|Any CPU.Build.0 = Release|Any CPU
	EndGlobalSection
	GlobalSection(SolutionProperties) = preSolution
		HideSolutionNode = FALSE
	EndGlobalSection
	GlobalSection(ExtensibilityGlobals) = postSolution
		SolutionGuid = {0D07A16A-E68D-4326-A087-22DB7F0CB48F}
	EndGlobalSection
EndGlobal
